// !$*UTF8*$!
{
	archiveVersion = 1;
	classes = {
	};
	objectVersion = 46;
	objects = {

/* Begin PBXBuildFile section */
		8063BEFB1980B96D00E80BCE /* AppDelegate.swift in Sources */ = {isa = PBXBuildFile; fileRef = 8063BEFA1980B96D00E80BCE /* AppDelegate.swift */; };
		8063BEFD1980B96D00E80BCE /* ViewController.swift in Sources */ = {isa = PBXBuildFile; fileRef = 8063BEFC1980B96D00E80BCE /* ViewController.swift */; };
		8063BF001980B96D00E80BCE /* Main.storyboard in Resources */ = {isa = PBXBuildFile; fileRef = 8063BEFE1980B96D00E80BCE /* Main.storyboard */; };
		8063BF021980B96D00E80BCE /* Images.xcassets in Resources */ = {isa = PBXBuildFile; fileRef = 8063BF011980B96D00E80BCE /* Images.xcassets */; };
		8063BF0E1980B96D00E80BCE /* SwiftProjectTests.swift in Sources */ = {isa = PBXBuildFile; fileRef = 8063BF0D1980B96D00E80BCE /* SwiftProjectTests.swift */; };
/* End PBXBuildFile section */

/* Begin PBXContainerItemProxy section */
		8063BF081980B96D00E80BCE /* PBXContainerItemProxy */ = {
			isa = PBXContainerItemProxy;
			containerPortal = 8063BEED1980B96D00E80BCE /* Project object */;
			proxyType = 1;
			remoteGlobalIDString = 8063BEF41980B96D00E80BCE;
			remoteInfo = SwiftProject;
		};
/* End PBXContainerItemProxy section */

/* Begin PBXFileReference section */
		8063BEF51980B96D00E80BCE /* SwiftProject.app */ = {isa = PBXFileReference; explicitFileType = wrapper.application; includeInIndex = 0; path = SwiftProject.app; sourceTree = BUILT_PRODUCTS_DIR; };
		8063BEF91980B96D00E80BCE /* Info.plist */ = {isa = PBXFileReference; lastKnownFileType = text.plist.xml; path = Info.plist; sourceTree = "<group>"; };
		8063BEFA1980B96D00E80BCE /* AppDelegate.swift */ = {isa = PBXFileReference; lastKnownFileType = sourcecode.swift; path = AppDelegate.swift; sourceTree = "<group>"; };
		8063BEFC1980B96D00E80BCE /* ViewController.swift */ = {isa = PBXFileReference; lastKnownFileType = sourcecode.swift; path = ViewController.swift; sourceTree = "<group>"; };
		8063BEFF1980B96D00E80BCE /* Base */ = {isa = PBXFileReference; lastKnownFileType = file.storyboard; name = Base; path = Base.lproj/Main.storyboard; sourceTree = "<group>"; };
		8063BF011980B96D00E80BCE /* Images.xcassets */ = {isa = PBXFileReference; lastKnownFileType = folder.assetcatalog; path = Images.xcassets; sourceTree = "<group>"; };
		8063BF071980B96D00E80BCE /* SwiftProjectTests.xctest */ = {isa = PBXFileReference; explicitFileType = wrapper.cfbundle; includeInIndex = 0; path = SwiftProjectTests.xctest; sourceTree = BUILT_PRODUCTS_DIR; };
		8063BF0C1980B96D00E80BCE /* Info.plist */ = {isa = PBXFileReference; lastKnownFileType = text.plist.xml; path = Info.plist; sourceTree = "<group>"; };
		8063BF0D1980B96D00E80BCE /* SwiftProjectTests.swift */ = {isa = PBXFileReference; lastKnownFileType = sourcecode.swift; path = SwiftProjectTests.swift; sourceTree = "<group>"; };
/* End PBXFileReference section */

/* Begin PBXFrameworksBuildPhase section */
		8063BEF21980B96D00E80BCE /* Frameworks */ = {
			isa = PBXFrameworksBuildPhase;
			buildActionMask = 2147483647;
			files = (
			);
			runOnlyForDeploymentPostprocessing = 0;
		};
		8063BF041980B96D00E80BCE /* Frameworks */ = {
			isa = PBXFrameworksBuildPhase;
			buildActionMask = 2147483647;
			files = (
			);
			runOnlyForDeploymentPostprocessing = 0;
		};
/* End PBXFrameworksBuildPhase section */

/* Begin PBXGroup section */
		8063BEEC1980B96D00E80BCE = {
			isa = PBXGroup;
			children = (
				8063BEF71980B96D00E80BCE /* SwiftProject */,
				8063BF0A1980B96D00E80BCE /* SwiftProjectTests */,
				8063BEF61980B96D00E80BCE /* Products */,
			);
			sourceTree = "<group>";
		};
		8063BEF61980B96D00E80BCE /* Products */ = {
			isa = PBXGroup;
			children = (
				8063BEF51980B96D00E80BCE /* SwiftProject.app */,
				8063BF071980B96D00E80BCE /* SwiftProjectTests.xctest */,
			);
			name = Products;
			sourceTree = "<group>";
		};
		8063BEF71980B96D00E80BCE /* SwiftProject */ = {
			isa = PBXGroup;
			children = (
				8063BEFA1980B96D00E80BCE /* AppDelegate.swift */,
				8063BEFC1980B96D00E80BCE /* ViewController.swift */,
				8063BEFE1980B96D00E80BCE /* Main.storyboard */,
				8063BF011980B96D00E80BCE /* Images.xcassets */,
				8063BEF81980B96D00E80BCE /* Supporting Files */,
			);
			path = SwiftProject;
			sourceTree = "<group>";
		};
		8063BEF81980B96D00E80BCE /* Supporting Files */ = {
			isa = PBXGroup;
			children = (
				8063BEF91980B96D00E80BCE /* Info.plist */,
			);
			name = "Supporting Files";
			sourceTree = "<group>";
		};
		8063BF0A1980B96D00E80BCE /* SwiftProjectTests */ = {
			isa = PBXGroup;
			children = (
				8063BF0D1980B96D00E80BCE /* SwiftProjectTests.swift */,
				8063BF0B1980B96D00E80BCE /* Supporting Files */,
			);
			path = SwiftProjectTests;
			sourceTree = "<group>";
		};
		8063BF0B1980B96D00E80BCE /* Supporting Files */ = {
			isa = PBXGroup;
			children = (
				8063BF0C1980B96D00E80BCE /* Info.plist */,
			);
			name = "Supporting Files";
			sourceTree = "<group>";
		};
/* End PBXGroup section */

/* Begin PBXNativeTarget section */
		8063BEF41980B96D00E80BCE /* SwiftProject */ = {
			isa = PBXNativeTarget;
			buildConfigurationList = 8063BF111980B96D00E80BCE /* Build configuration list for PBXNativeTarget "SwiftProject" */;
			buildPhases = (
				8063BEF11980B96D00E80BCE /* Sources */,
				8063BEF21980B96D00E80BCE /* Frameworks */,
				8063BEF31980B96D00E80BCE /* Resources */,
			);
			buildRules = (
			);
			dependencies = (
			);
			name = SwiftProject;
			productName = SwiftProject;
			productReference = 8063BEF51980B96D00E80BCE /* SwiftProject.app */;
			productType = "com.apple.product-type.application";
		};
		8063BF061980B96D00E80BCE /* SwiftProjectTests */ = {
			isa = PBXNativeTarget;
			buildConfigurationList = 8063BF141980B96D00E80BCE /* Build configuration list for PBXNativeTarget "SwiftProjectTests" */;
			buildPhases = (
				8063BF031980B96D00E80BCE /* Sources */,
				8063BF041980B96D00E80BCE /* Frameworks */,
				8063BF051980B96D00E80BCE /* Resources */,
			);
			buildRules = (
			);
			dependencies = (
				8063BF091980B96D00E80BCE /* PBXTargetDependency */,
			);
			name = SwiftProjectTests;
			productName = SwiftProjectTests;
			productReference = 8063BF071980B96D00E80BCE /* SwiftProjectTests.xctest */;
			productType = "com.apple.product-type.bundle.unit-test";
		};
/* End PBXNativeTarget section */

/* Begin PBXProject section */
		8063BEED1980B96D00E80BCE /* Project object */ = {
			isa = PBXProject;
			attributes = {
				LastUpgradeCheck = 0600;
				ORGANIZATIONNAME = "TheAppGuruz-iOS-101";
				TargetAttributes = {
					8063BEF41980B96D00E80BCE = {
						CreatedOnToolsVersion = 6.0;
					};
					8063BF061980B96D00E80BCE = {
						CreatedOnToolsVersion = 6.0;
						TestTargetID = 8063BEF41980B96D00E80BCE;
					};
				};
			};
			buildConfigurationList = 8063BEF01980B96D00E80BCE /* Build configuration list for PBXProject "SwiftProject" */;
			compatibilityVersion = "Xcode 3.2";
			developmentRegion = English;
			hasScannedForEncodings = 0;
			knownRegions = (
				en,
				Base,
			);
			mainGroup = 8063BEEC1980B96D00E80BCE;
			productRefGroup = 8063BEF61980B96D00E80BCE /* Products */;
			projectDirPath = "";
			projectRoot = "";
			targets = (
				8063BEF41980B96D00E80BCE /* SwiftProject */,
				8063BF061980B96D00E80BCE /* SwiftProjectTests */,
			);
		};
/* End PBXProject section */

/* Begin PBXResourcesBuildPhase section */
		8063BEF31980B96D00E80BCE /* Resources */ = {
			isa = PBXResourcesBuildPhase;
			buildActionMask = 2147483647;
			files = (
				8063BF001980B96D00E80BCE /* Main.storyboard in Resources */,
				8063BF021980B96D00E80BCE /* Images.xcassets in Resources */,
			);
			runOnlyForDeploymentPostprocessing = 0;
		};
		8063BF051980B96D00E80BCE /* Resources */ = {
			isa = PBXResourcesBuildPhase;
			buildActionMask = 2147483647;
			files = (
			);
			runOnlyForDeploymentPostprocessing = 0;
		};
/* End PBXResourcesBuildPhase section */

/* Begin PBXSourcesBuildPhase section */
		8063BEF11980B96D00E80BCE /* Sources */ = {
			isa = PBXSourcesBuildPhase;
			buildActionMask = 2147483647;
			files = (
				8063BEFD1980B96D00E80BCE /* ViewController.swift in Sources */,
				8063BEFB1980B96D00E80BCE /* AppDelegate.swift in Sources */,
			);
			runOnlyForDeploymentPostprocessing = 0;
		};
		8063BF031980B96D00E80BCE /* Sources */ = {
			isa = PBXSourcesBuildPhase;
			buildActionMask = 2147483647;
			files = (
				8063BF0E1980B96D00E80BCE /* SwiftProjectTests.swift in Sources */,
			);
			runOnlyForDeploymentPostprocessing = 0;
		};
/* End PBXSourcesBuildPhase section */

/* Begin PBXTargetDependency section */
		8063BF091980B96D00E80BCE /* PBXTargetDependency */ = {
			isa = PBXTargetDependency;
			target = 8063BEF41980B96D00E80BCE /* SwiftProject */;
			targetProxy = 8063BF081980B96D00E80BCE /* PBXContainerItemProxy */;
		};
/* End PBXTargetDependency section */

/* Begin PBXVariantGroup section */
		8063BEFE1980B96D00E80BCE /* Main.storyboard */ = {
			isa = PBXVariantGroup;
			children = (
				8063BEFF1980B96D00E80BCE /* Base */,
			);
			name = Main.storyboard;
			sourceTree = "<group>";
		};
/* End PBXVariantGroup section */

/* Begin XCBuildConfiguration section */
		8063BF0F1980B96D00E80BCE /* Debug */ = {
			isa = XCBuildConfiguration;
			buildSettings = {
				ALWAYS_SEARCH_USER_PATHS = NO;
				CLANG_CXX_LANGUAGE_STANDARD = "gnu++0x";
				CLANG_CXX_LIBRARY = "libc++";
				CLANG_ENABLE_MODULES = YES;
				CLANG_ENABLE_OBJC_ARC = YES;
				CLANG_WARN_BOOL_CONVERSION = YES;
				CLANG_WARN_CONSTANT_CONVERSION = YES;
				CLANG_WARN_DIRECT_OBJC_ISA_USAGE = YES_ERROR;
				CLANG_WARN_EMPTY_BODY = YES;
				CLANG_WARN_ENUM_CONVERSION = YES;
				CLANG_WARN_INT_CONVERSION = YES;
				CLANG_WARN_OBJC_ROOT_CLASS = YES_ERROR;
				CLANG_WARN_UNREACHABLE_CODE = YES;
				CLANG_WARN__DUPLICATE_METHOD_MATCH = YES;
				"CODE_SIGN_IDENTITY[sdk=iphoneos*]" = "iPhone Developer";
				COPY_PHASE_STRIP = NO;
				ENABLE_STRICT_OBJC_MSGSEND = YES;
				GCC_C_LANGUAGE_STANDARD = gnu99;
				GCC_DYNAMIC_NO_PIC = NO;
				GCC_OPTIMIZATION_LEVEL = 0;
				GCC_PREPROCESSOR_DEFINITIONS = (
					"DEBUG=1",
					"$(inherited)",
				);
				GCC_SYMBOLS_PRIVATE_EXTERN = NO;
				GCC_WARN_64_TO_32_BIT_CONVERSION = YES;
				GCC_WARN_ABOUT_RETURN_TYPE = YES_ERROR;
				GCC_WARN_UNDECLARED_SELECTOR = YES;
				GCC_WARN_UNINITIALIZED_AUTOS = YES_AGGRESSIVE;
				GCC_WARN_UNUSED_FUNCTION = YES;
				GCC_WARN_UNUSED_VARIABLE = YES;
				IPHONEOS_DEPLOYMENT_TARGET = 8.0;
				METAL_ENABLE_DEBUG_INFO = YES;
				ONLY_ACTIVE_ARCH = YES;
				SDKROOT = iphoneos;
				SWIFT_OPTIMIZATION_LEVEL = "-Onone";
			};
			name = Debug;
		};
		8063BF101980B96D00E80BCE /* Release */ = {
			isa = XCBuildConfiguration;
			buildSettings = {
				ALWAYS_SEARCH_USER_PATHS = NO;
				CLANG_CXX_LANGUAGE_STANDARD = "gnu++0x";
				CLANG_CXX_LIBRARY = "libc++";
				CLANG_ENABLE_MODULES = YES;
				CLANG_ENABLE_OBJC_ARC = YES;
				CLANG_WARN_BOOL_CONVERSION = YES;
				CLANG_WARN_CONSTANT_CONVERSION = YES;
				CLANG_WARN_DIRECT_OBJC_ISA_USAGE = YES_ERROR;
				CLANG_WARN_EMPTY_BODY = YES;
				CLANG_WARN_ENUM_CONVERSION = YES;
				CLANG_WARN_INT_CONVERSION = YES;
				CLANG_WARN_OBJC_ROOT_CLASS = YES_ERROR;
				CLANG_WARN_UNREACHABLE_CODE = YES;
				CLANG_WARN__DUPLICATE_METHOD_MATCH = YES;
				"CODE_SIGN_IDENTITY[sdk=iphoneos*]" = "iPhone Developer";
				COPY_PHASE_STRIP = YES;
				ENABLE_NS_ASSERTIONS = NO;
				ENABLE_STRICT_OBJC_MSGSEND = YES;
				GCC_C_LANGUAGE_STANDARD = gnu99;
				GCC_WARN_64_TO_32_BIT_CONVERSION = YES;
				GCC_WARN_ABOUT_RETURN_TYPE = YES_ERROR;
				GCC_WARN_UNDECLARED_SELECTOR = YES;
				GCC_WARN_UNINITIALIZED_AUTOS = YES_AGGRESSIVE;
				GCC_WARN_UNUSED_FUNCTION = YES;
				GCC_WARN_UNUSED_VARIABLE = YES;
				IPHONEOS_DEPLOYMENT_TARGET = 8.0;
				METAL_ENABLE_DEBUG_INFO = NO;
				SDKROOT = iphoneos;
				VALIDATE_PRODUCT = YES;
			};
			name = Release;
		};
		8063BF121980B96D00E80BCE /* Debug */ = {
			isa = XCBuildConfiguration;
			buildSettings = {
				ASSETCATALOG_COMPILER_APPICON_NAME = AppIcon;
				ASSETCATALOG_COMPILER_LAUNCHIMAGE_NAME = LaunchImage;
				INFOPLIST_FILE = SwiftProject/Info.plist;
				LD_RUNPATH_SEARCH_PATHS = "$(inherited) @executable_path/Frameworks";
				PRODUCT_NAME = "$(TARGET_NAME)";
			};
			name = Debug;
		};
		8063BF131980B96D00E80BCE /* Release */ = {
			isa = XCBuildConfiguration;
			buildSettings = {
				ASSETCATALOG_COMPILER_APPICON_NAME = AppIcon;
				ASSETCATALOG_COMPILER_LAUNCHIMAGE_NAME = LaunchImage;
				INFOPLIST_FILE = SwiftProject/Info.plist;
				LD_RUNPATH_SEARCH_PATHS = "$(inherited) @executable_path/Frameworks";
				PRODUCT_NAME = "$(TARGET_NAME)";
			};
			name = Release;
		};
		8063BF151980B96D00E80BCE /* Debug */ = {
			isa = XCBuildConfiguration;
			buildSettings = {
				BUNDLE_LOADER = "$(BUILT_PRODUCTS_DIR)/SwiftProject.app/SwiftProject";
				FRAMEWORK_SEARCH_PATHS = (
					"$(SDKROOT)/Developer/Library/Frameworks",
					"$(inherited)",
				);
				GCC_PREPROCESSOR_DEFINITIONS = (
					"DEBUG=1",
					"$(inherited)",
				);
				INFOPLIST_FILE = SwiftProjectTests/Info.plist;
				LD_RUNPATH_SEARCH_PATHS = "$(inherited) @executable_path/Frameworks @loader_path/Frameworks";
				METAL_ENABLE_DEBUG_INFO = YES;
				PRODUCT_NAME = "$(TARGET_NAME)";
				TEST_HOST = "$(BUNDLE_LOADER)";
			};
			name = Debug;
		};
		8063BF161980B96D00E80BCE /* Release */ = {
			isa = XCBuildConfiguration;
			buildSettings = {
				BUNDLE_LOADER = "$(BUILT_PRODUCTS_DIR)/SwiftProject.app/SwiftProject";
				FRAMEWORK_SEARCH_PATHS = (
					"$(SDKROOT)/Developer/Library/Frameworks",
					"$(inherited)",
				);
				INFOPLIST_FILE = SwiftProjectTests/Info.plist;
				LD_RUNPATH_SEARCH_PATHS = "$(inherited) @executable_path/Frameworks @loader_path/Frameworks";
				METAL_ENABLE_DEBUG_INFO = NO;
				PRODUCT_NAME = "$(TARGET_NAME)";
				TEST_HOST = "$(BUNDLE_LOADER)";
			};
			name = Release;
		};
/* End XCBuildConfiguration section */

/* Begin XCConfigurationList section */
		8063BEF01980B96D00E80BCE /* Build configuration list for PBXProject "SwiftProject" */ = {
			isa = XCConfigurationList;
			buildConfigurations = (
				8063BF0F1980B96D00E80BCE /* Debug */,
				8063BF101980B96D00E80BCE /* Release */,
			);
			defaultConfigurationIsVisible = 0;
			defaultConfigurationName = Release;
		};
		8063BF111980B96D00E80BCE /* Build configuration list for PBXNativeTarget "SwiftProject" */ = {
			isa = XCConfigurationList;
			buildConfigurations = (
				8063BF121980B96D00E80BCE /* Debug */,
				8063BF131980B96D00E80BCE /* Release */,
			);
			defaultConfigurationIsVisible = 0;
		};
		8063BF141980B96D00E80BCE /* Build configuration list for PBXNativeTarget "SwiftProjectTests" */ = {
			isa = XCConfigurationList;
			buildConfigurations = (
				8063BF151980B96D00E80BCE /* Debug */,
				8063BF161980B96D00E80BCE /* Release */,
			);
			defaultConfigurationIsVisible = 0;
		};
/* End XCConfigurationList section */
	};
	rootObject = 8063BEED1980B96D00E80BCE /* Project object */;
}
